
Microsoft Visual Studio Solution File, Format Version 12.00
# Visual Studio Version 16
VisualStudioVersion = 16.0.31727.386
MinimumVisualStudioVersion = 10.0.40219.1
Project("{FAE04EC0-301F-11D3-BF4B-00C04F79EFBC}") = "CentralServer_Framework", "CentralServer_Framework\CentralServer_Framework.csproj", "{51D46BD1-A5D6-491A-975C-CD46DFF5F954}"
EndProject
Project("{FAE04EC0-301F-11D3-BF4B-00C04F79EFBC}") = "ClassLibrary", "ClassLibrary\ClassLibrary.csproj", "{6DEE52BC-DFAA-460B-8413-96406C4FA553}"
EndProject
Project("{FAE04EC0-301F-11D3-BF4B-00C04F79EFBC}") = "InputService", "InputService\InputService.csproj", "{6BF0FB2D-BEA2-49B9-9DF8-923E882A6D7A}"
EndProject
Global
	GlobalSection(SolutionConfigurationPlatforms) = preSolution
		Debug|Any CPU = Debug|Any CPU
		Release|Any CPU = Release|Any CPU
	EndGlobalSection
	GlobalSection(ProjectConfigurationPlatforms) = postSolution
		{51D46BD1-A5D6-491A-975C-CD46DFF5F954}.Debug|Any CPU.ActiveCfg = Debug|Any CPU
		{51D46BD1-A5D6-491A-975C-CD46DFF5F954}.Debug|Any CPU.Build.0 = Debug|Any CPU
		{51D46BD1-A5D6-491A-975C-CD46DFF5F954}.Release|Any CPU.ActiveCfg = Release|Any CPU
		{51D46BD1-A5D6-491A-975C-CD46DFF5F954}.Release|Any CPU.Build.0 = Release|Any CPU
		{6DEE52BC-DFAA-460B-8413-96406C4FA553}.Debug|Any CPU.ActiveCfg = Debug|Any CPU
		{6DEE52BC-DFAA-460B-8413-96406C4FA553}.Debug|Any CPU.Build.0 = Debug|Any CPU
		{6DEE52BC-DFAA-460B-8413-96406C4FA553}.Release|Any CPU.ActiveCfg = Release|Any CPU
		{6DEE52BC-DFAA-460B-8413-96406C4FA553}.Release|Any CPU.Build.0 = Release|Any CPU
		{6BF0FB2D-BEA2-49B9-9DF8-923E882A6D7A}.Debug|Any CPU.ActiveCfg = Debug|Any CPU
		{6BF0FB2D-BEA2-49B9-9DF8-923E882A6D7A}.Debug|Any CPU.Build.0 = Debug|Any CPU
		{6BF0FB2D-BEA2-49B9-9DF8-923E882A6D7A}.Release|Any CPU.ActiveCfg = Release|Any CPU
		{6BF0FB2D-BEA2-49B9-9DF8-923E882A6D7A}.Release|Any CPU.Build.0 = Release|Any CPU
	EndGlobalSection
	GlobalSection(SolutionProperties) = preSolution
		HideSolutionNode = FALSE
	EndGlobalSection
	GlobalSection(ExtensibilityGlobals) = postSolution
		SolutionGuid = {CDC95517-D4FA-4DBB-8B67-C15E887A98A7}
	EndGlobalSection
EndGlobal
