
Microsoft Visual Studio Solution File, Format Version 12.00
# Visual Studio Version 17
VisualStudioVersion = 17.5.002.0
MinimumVisualStudioVersion = 10.0.40219.1
Project("{9A19103F-16F7-4668-BE54-9A1E7A4F7556}") = "DotnetWebapi", "Webapi\DotnetWebapi\DotnetWebapi.csproj", "{40FD119B-C22B-4DE2-B60E-C3A0210EBE07}"
EndProject
Project("{FAE04EC0-301F-11D3-BF4B-00C04F79EFBC}") = "AsyncMessaging", "Webapi\AsyncMessaging\AsyncMessaging.csproj", "{FAAC47A5-1FCF-459B-8166-2E7D51302208}"
EndProject
Project("{FAE04EC0-301F-11D3-BF4B-00C04F79EFBC}") = "UseCases", "Webapi\UseCases\UseCases.csproj", "{B860D490-1910-482F-85DC-F1C190F5784C}"
EndProject
Project("{FAE04EC0-301F-11D3-BF4B-00C04F79EFBC}") = "Storage", "Webapi\Storage\Storage.csproj", "{C4561DAC-6F72-4378-A421-20A823C2D19C}"
EndProject
Project("{2150E333-8FDC-42A3-9474-1A3956D46DE8}") = "Functions", "Functions", "{D83143C7-698B-4C73-9E3A-D4033FE79CBB}"
EndProject
Project("{FAE04EC0-301F-11D3-BF4B-00C04F79EFBC}") = "DataConsistencyFunction", "Functions\DataConsistencyFunction\src\DataConsistencyFunction.csproj", "{4A05FBB6-6A29-40A5-8879-66446E5473A0}"
EndProject
Project("{FAE04EC0-301F-11D3-BF4B-00C04F79EFBC}") = "LambdaSnsSqsNotification", "Functions\LambdaSnsSqsNotification\src\LambdaSnsSqsNotification.csproj", "{B7425DDF-3CD4-4527-B0FF-BB2B17F3B885}"
EndProject
Project("{FAE04EC0-301F-11D3-BF4B-00C04F79EFBC}") = "S3LogsFunction", "Functions\S3LogsFunction\src\S3LogsFunction.csproj", "{87D8F8D1-D74C-481E-89FF-DEB9E01BF9EE}"
EndProject
Global
	GlobalSection(SolutionConfigurationPlatforms) = preSolution
		Debug|Any CPU = Debug|Any CPU
		Release|Any CPU = Release|Any CPU
	EndGlobalSection
	GlobalSection(ProjectConfigurationPlatforms) = postSolution
		{40FD119B-C22B-4DE2-B60E-C3A0210EBE07}.Debug|Any CPU.ActiveCfg = Debug|Any CPU
		{40FD119B-C22B-4DE2-B60E-C3A0210EBE07}.Debug|Any CPU.Build.0 = Debug|Any CPU
		{40FD119B-C22B-4DE2-B60E-C3A0210EBE07}.Release|Any CPU.ActiveCfg = Release|Any CPU
		{40FD119B-C22B-4DE2-B60E-C3A0210EBE07}.Release|Any CPU.Build.0 = Release|Any CPU
		{FAAC47A5-1FCF-459B-8166-2E7D51302208}.Debug|Any CPU.ActiveCfg = Debug|Any CPU
		{FAAC47A5-1FCF-459B-8166-2E7D51302208}.Debug|Any CPU.Build.0 = Debug|Any CPU
		{FAAC47A5-1FCF-459B-8166-2E7D51302208}.Release|Any CPU.ActiveCfg = Release|Any CPU
		{FAAC47A5-1FCF-459B-8166-2E7D51302208}.Release|Any CPU.Build.0 = Release|Any CPU
		{B860D490-1910-482F-85DC-F1C190F5784C}.Debug|Any CPU.ActiveCfg = Debug|Any CPU
		{B860D490-1910-482F-85DC-F1C190F5784C}.Debug|Any CPU.Build.0 = Debug|Any CPU
		{B860D490-1910-482F-85DC-F1C190F5784C}.Release|Any CPU.ActiveCfg = Release|Any CPU
		{B860D490-1910-482F-85DC-F1C190F5784C}.Release|Any CPU.Build.0 = Release|Any CPU
		{C4561DAC-6F72-4378-A421-20A823C2D19C}.Debug|Any CPU.ActiveCfg = Debug|Any CPU
		{C4561DAC-6F72-4378-A421-20A823C2D19C}.Debug|Any CPU.Build.0 = Debug|Any CPU
		{C4561DAC-6F72-4378-A421-20A823C2D19C}.Release|Any CPU.ActiveCfg = Release|Any CPU
		{C4561DAC-6F72-4378-A421-20A823C2D19C}.Release|Any CPU.Build.0 = Release|Any CPU
		{4A05FBB6-6A29-40A5-8879-66446E5473A0}.Debug|Any CPU.ActiveCfg = Debug|Any CPU
		{4A05FBB6-6A29-40A5-8879-66446E5473A0}.Debug|Any CPU.Build.0 = Debug|Any CPU
		{4A05FBB6-6A29-40A5-8879-66446E5473A0}.Release|Any CPU.ActiveCfg = Release|Any CPU
		{4A05FBB6-6A29-40A5-8879-66446E5473A0}.Release|Any CPU.Build.0 = Release|Any CPU
		{B7425DDF-3CD4-4527-B0FF-BB2B17F3B885}.Debug|Any CPU.ActiveCfg = Debug|Any CPU
		{B7425DDF-3CD4-4527-B0FF-BB2B17F3B885}.Debug|Any CPU.Build.0 = Debug|Any CPU
		{B7425DDF-3CD4-4527-B0FF-BB2B17F3B885}.Release|Any CPU.ActiveCfg = Release|Any CPU
		{B7425DDF-3CD4-4527-B0FF-BB2B17F3B885}.Release|Any CPU.Build.0 = Release|Any CPU
		{87D8F8D1-D74C-481E-89FF-DEB9E01BF9EE}.Debug|Any CPU.ActiveCfg = Debug|Any CPU
		{87D8F8D1-D74C-481E-89FF-DEB9E01BF9EE}.Debug|Any CPU.Build.0 = Debug|Any CPU
		{87D8F8D1-D74C-481E-89FF-DEB9E01BF9EE}.Release|Any CPU.ActiveCfg = Release|Any CPU
		{87D8F8D1-D74C-481E-89FF-DEB9E01BF9EE}.Release|Any CPU.Build.0 = Release|Any CPU
	EndGlobalSection
	GlobalSection(SolutionProperties) = preSolution
		HideSolutionNode = FALSE
	EndGlobalSection
	GlobalSection(ExtensibilityGlobals) = postSolution
		SolutionGuid = {BC56D317-7C20-4901-B8FC-E632ECBF30D0}
	EndGlobalSection
	GlobalSection(NestedProjects) = preSolution
		{4A05FBB6-6A29-40A5-8879-66446E5473A0} = {D83143C7-698B-4C73-9E3A-D4033FE79CBB}
		{B7425DDF-3CD4-4527-B0FF-BB2B17F3B885} = {D83143C7-698B-4C73-9E3A-D4033FE79CBB}
		{87D8F8D1-D74C-481E-89FF-DEB9E01BF9EE} = {D83143C7-698B-4C73-9E3A-D4033FE79CBB}
	EndGlobalSection
EndGlobal
